
Microsoft Visual Studio Solution File, Format Version 12.00
# Visual Studio Version 16
VisualStudioVersion = 16.0.29728.190
MinimumVisualStudioVersion = 10.0.40219.1
Project("{FAE04EC0-301F-11D3-BF4B-00C04F79EFBC}") = "wa_Cuestionarios", "wa_Cuestionarios.csproj", "{E3830DE4-7172-406B-A144-0D87DDE3BA21}"
EndProject
Global
	GlobalSection(SolutionConfigurationPlatforms) = preSolution
		Debug|Any CPU = Debug|Any CPU
		Release|Any CPU = Release|Any CPU
	EndGlobalSection
	GlobalSection(ProjectConfigurationPlatforms) = postSolution
		{E3830DE4-7172-406B-A144-0D87DDE3BA21}.Debug|Any CPU.ActiveCfg = Debug|Any CPU
		{E3830DE4-7172-406B-A144-0D87DDE3BA21}.Debug|Any CPU.Build.0 = Debug|Any CPU
		{E3830DE4-7172-406B-A144-0D87DDE3BA21}.Release|Any CPU.ActiveCfg = Release|Any CPU
		{E3830DE4-7172-406B-A144-0D87DDE3BA21}.Release|Any CPU.Build.0 = Release|Any CPU
	EndGlobalSection
	GlobalSection(SolutionProperties) = preSolution
		HideSolutionNode = FALSE
	EndGlobalSection
	GlobalSection(ExtensibilityGlobals) = postSolution
		SolutionGuid = {B6139CF9-6EE4-487B-9E7C-F6147D3BB6FA}
	EndGlobalSection
EndGlobal
